// !$*UTF8*$!
{
	archiveVersion = 1;
	classes = {
	};
	objectVersion = 46;
	objects = {

/* Begin PBXBuildFile section */
		6BA336191F5424C900910C74 /* AppDelegate.swift in Sources */ = {isa = PBXBuildFile; fileRef = 6BA336181F5424C900910C74 /* AppDelegate.swift */; };
		6BA3361B1F5424C900910C74 /* ViewController.swift in Sources */ = {isa = PBXBuildFile; fileRef = 6BA3361A1F5424C900910C74 /* ViewController.swift */; };
		6BA3361E1F5424CA00910C74 /* Main.storyboard in Resources */ = {isa = PBXBuildFile; fileRef = 6BA3361C1F5424CA00910C74 /* Main.storyboard */; };
		6BA336201F5424CA00910C74 /* Assets.xcassets in Resources */ = {isa = PBXBuildFile; fileRef = 6BA3361F1F5424CA00910C74 /* Assets.xcassets */; };
		6BA336231F5424CA00910C74 /* LaunchScreen.storyboard in Resources */ = {isa = PBXBuildFile; fileRef = 6BA336211F5424CA00910C74 /* LaunchScreen.storyboard */; };
		6BA3362B1F5425AA00910C74 /* CollectionViewCell.swift in Sources */ = {isa = PBXBuildFile; fileRef = 6BA3362A1F5425AA00910C74 /* CollectionViewCell.swift */; };
		6BA3362D1F5428A000910C74 /* CollectionViewLayout.swift in Sources */ = {isa = PBXBuildFile; fileRef = 6BA3362C1F5428A000910C74 /* CollectionViewLayout.swift */; };
/* End PBXBuildFile section */

/* Begin PBXFileReference section */
		6BA336151F5424C900910C74 /* WatchUI.app */ = {isa = PBXFileReference; explicitFileType = wrapper.application; includeInIndex = 0; path = WatchUI.app; sourceTree = BUILT_PRODUCTS_DIR; };
		6BA336181F5424C900910C74 /* AppDelegate.swift */ = {isa = PBXFileReference; lastKnownFileType = sourcecode.swift; path = AppDelegate.swift; sourceTree = "<group>"; };
		6BA3361A1F5424C900910C74 /* ViewController.swift */ = {isa = PBXFileReference; lastKnownFileType = sourcecode.swift; path = ViewController.swift; sourceTree = "<group>"; };
		6BA3361D1F5424CA00910C74 /* Base */ = {isa = PBXFileReference; lastKnownFileType = file.storyboard; name = Base; path = Base.lproj/Main.storyboard; sourceTree = "<group>"; };
		6BA3361F1F5424CA00910C74 /* Assets.xcassets */ = {isa = PBXFileReference; lastKnownFileType = folder.assetcatalog; path = Assets.xcassets; sourceTree = "<group>"; };
		6BA336221F5424CA00910C74 /* Base */ = {isa = PBXFileReference; lastKnownFileType = file.storyboard; name = Base; path = Base.lproj/LaunchScreen.storyboard; sourceTree = "<group>"; };
		6BA336241F5424CA00910C74 /* Info.plist */ = {isa = PBXFileReference; lastKnownFileType = text.plist.xml; path = Info.plist; sourceTree = "<group>"; };
		6BA3362A1F5425AA00910C74 /* CollectionViewCell.swift */ = {isa = PBXFileReference; fileEncoding = 4; lastKnownFileType = sourcecode.swift; path = CollectionViewCell.swift; sourceTree = "<group>"; };
		6BA3362C1F5428A000910C74 /* CollectionViewLayout.swift */ = {isa = PBXFileReference; fileEncoding = 4; lastKnownFileType = sourcecode.swift; path = CollectionViewLayout.swift; sourceTree = "<group>"; };
/* End PBXFileReference section */

/* Begin PBXFrameworksBuildPhase section */
		6BA336121F5424C900910C74 /* Frameworks */ = {
			isa = PBXFrameworksBuildPhase;
			buildActionMask = 2147483647;
			files = (
			);
			runOnlyForDeploymentPostprocessing = 0;
		};
/* End PBXFrameworksBuildPhase section */

/* Begin PBXGroup section */
		6BA3360C1F5424C900910C74 = {
			isa = PBXGroup;
			children = (
				6BA336171F5424C900910C74 /* WatchUI */,
				6BA336161F5424C900910C74 /* Products */,
			);
			sourceTree = "<group>";
		};
		6BA336161F5424C900910C74 /* Products */ = {
			isa = PBXGroup;
			children = (
				6BA336151F5424C900910C74 /* WatchUI.app */,
			);
			name = Products;
			sourceTree = "<group>";
		};
		6BA336171F5424C900910C74 /* WatchUI */ = {
			isa = PBXGroup;
			children = (
				6BA336181F5424C900910C74 /* AppDelegate.swift */,
				6BA3361A1F5424C900910C74 /* ViewController.swift */,
				6BA3362A1F5425AA00910C74 /* CollectionViewCell.swift */,
				6BA3362C1F5428A000910C74 /* CollectionViewLayout.swift */,
				6BA3361C1F5424CA00910C74 /* Main.storyboard */,
				6BA336211F5424CA00910C74 /* LaunchScreen.storyboard */,
				6BA3361F1F5424CA00910C74 /* Assets.xcassets */,
				6BA336241F5424CA00910C74 /* Info.plist */,
			);
			path = WatchUI;
			sourceTree = "<group>";
		};
/* End PBXGroup section */

/* Begin PBXNativeTarget section */
		6BA336141F5424C900910C74 /* WatchUI */ = {
			isa = PBXNativeTarget;
			buildConfigurationList = 6BA336271F5424CA00910C74 /* Build configuration list for PBXNativeTarget "WatchUI" */;
			buildPhases = (
				6BA336111F5424C900910C74 /* Sources */,
				6BA336121F5424C900910C74 /* Frameworks */,
				6BA336131F5424C900910C74 /* Resources */,
			);
			buildRules = (
			);
			dependencies = (
			);
			name = WatchUI;
			productName = WatchUI;
			productReference = 6BA336151F5424C900910C74 /* WatchUI.app */;
			productType = "com.apple.product-type.application";
		};
/* End PBXNativeTarget section */

/* Begin PBXProject section */
		6BA3360D1F5424C900910C74 /* Project object */ = {
			isa = PBXProject;
			attributes = {
				LastSwiftUpdateCheck = 0830;
				LastUpgradeCheck = 0830;
				ORGANIZATIONNAME = "Dang Quoc Huy";
				TargetAttributes = {
					6BA336141F5424C900910C74 = {
						CreatedOnToolsVersion = 8.3.3;
						DevelopmentTeam = 8KDJ9PT669;
						ProvisioningStyle = Automatic;
					};
				};
			};
			buildConfigurationList = 6BA336101F5424C900910C74 /* Build configuration list for PBXProject "WatchUI" */;
			compatibilityVersion = "Xcode 3.2";
			developmentRegion = English;
			hasScannedForEncodings = 0;
			knownRegions = (
				en,
				Base,
			);
			mainGroup = 6BA3360C1F5424C900910C74;
			productRefGroup = 6BA336161F5424C900910C74 /* Products */;
			projectDirPath = "";
			projectRoot = "";
			targets = (
				6BA336141F5424C900910C74 /* WatchUI */,
			);
		};
/* End PBXProject section */

/* Begin PBXResourcesBuildPhase section */
		6BA336131F5424C900910C74 /* Resources */ = {
			isa = PBXResourcesBuildPhase;
			buildActionMask = 2147483647;
			files = (
				6BA336231F5424CA00910C74 /* LaunchScreen.storyboard in Resources */,
				6BA336201F5424CA00910C74 /* Assets.xcassets in Resources */,
				6BA3361E1F5424CA00910C74 /* Main.storyboard in Resources */,
			);
			runOnlyForDeploymentPostprocessing = 0;
		};
/* End PBXResourcesBuildPhase section */

/* Begin PBXSourcesBuildPhase section */
		6BA336111F5424C900910C74 /* Sources */ = {
			isa = PBXSourcesBuildPhase;
			buildActionMask = 2147483647;
			files = (
				6BA3361B1F5424C900910C74 /* ViewController.swift in Sources */,
				6BA336191F5424C900910C74 /* AppDelegate.swift in Sources */,
				6BA3362D1F5428A000910C74 /* CollectionViewLayout.swift in Sources */,
				6BA3362B1F5425AA00910C74 /* CollectionViewCell.swift in Sources */,
			);
			runOnlyForDeploymentPostprocessing = 0;
		};
/* End PBXSourcesBuildPhase section */

/* Begin PBXVariantGroup section */
		6BA3361C1F5424CA00910C74 /* Main.storyboard */ = {
			isa = PBXVariantGroup;
			children = (
				6BA3361D1F5424CA00910C74 /* Base */,
			);
			name = Main.storyboard;
			sourceTree = "<group>";
		};
		6BA336211F5424CA00910C74 /* LaunchScreen.storyboard */ = {
			isa = PBXVariantGroup;
			children = (
				6BA336221F5424CA00910C74 /* Base */,
			);
			name = LaunchScreen.storyboard;
			sourceTree = "<group>";
		};
/* End PBXVariantGroup section */

/* Begin XCBuildConfiguration section */
		6BA336251F5424CA00910C74 /* Debug */ = {
			isa = XCBuildConfiguration;
			buildSettings = {
				ALWAYS_SEARCH_USER_PATHS = NO;
				CLANG_ANALYZER_NONNULL = YES;
				CLANG_ANALYZER_NUMBER_OBJECT_CONVERSION = YES_AGGRESSIVE;
				CLANG_CXX_LANGUAGE_STANDARD = "gnu++0x";
				CLANG_CXX_LIBRARY = "libc++";
				CLANG_ENABLE_MODULES = YES;
				CLANG_ENABLE_OBJC_ARC = YES;
				CLANG_WARN_BOOL_CONVERSION = YES;
				CLANG_WARN_CONSTANT_CONVERSION = YES;
				CLANG_WARN_DIRECT_OBJC_ISA_USAGE = YES_ERROR;
				CLANG_WARN_DOCUMENTATION_COMMENTS = YES;
				CLANG_WARN_EMPTY_BODY = YES;
				CLANG_WARN_ENUM_CONVERSION = YES;
				CLANG_WARN_INFINITE_RECURSION = YES;
				CLANG_WARN_INT_CONVERSION = YES;
				CLANG_WARN_OBJC_ROOT_CLASS = YES_ERROR;
				CLANG_WARN_SUSPICIOUS_MOVE = YES;
				CLANG_WARN_UNREACHABLE_CODE = YES;
				CLANG_WARN__DUPLICATE_METHOD_MATCH = YES;
				"CODE_SIGN_IDENTITY[sdk=iphoneos*]" = "iPhone Developer";
				COPY_PHASE_STRIP = NO;
				DEBUG_INFORMATION_FORMAT = dwarf;
				ENABLE_STRICT_OBJC_MSGSEND = YES;
				ENABLE_TESTABILITY = YES;
				GCC_C_LANGUAGE_STANDARD = gnu99;
				GCC_DYNAMIC_NO_PIC = NO;
				GCC_NO_COMMON_BLOCKS = YES;
				GCC_OPTIMIZATION_LEVEL = 0;
				GCC_PREPROCESSOR_DEFINITIONS = (
					"DEBUG=1",
					"$(inherited)",
				);
				GCC_WARN_64_TO_32_BIT_CONVERSION = YES;
				GCC_WARN_ABOUT_RETURN_TYPE = YES_ERROR;
				GCC_WARN_UNDECLARED_SELECTOR = YES;
				GCC_WARN_UNINITIALIZED_AUTOS = YES_AGGRESSIVE;
				GCC_WARN_UNUSED_FUNCTION = YES;
				GCC_WARN_UNUSED_VARIABLE = YES;
				IPHONEOS_DEPLOYMENT_TARGET = 10.3;
				MTL_ENABLE_DEBUG_INFO = YES;
				ONLY_ACTIVE_ARCH = YES;
				SDKROOT = iphoneos;
				SWIFT_ACTIVE_COMPILATION_CONDITIONS = DEBUG;
				SWIFT_OPTIMIZATION_LEVEL = "-Onone";
			};
			name = Debug;
		};
		6BA336261F5424CA00910C74 /* Release */ = {
			isa = XCBuildConfiguration;
			buildSettings = {
				ALWAYS_SEARCH_USER_PATHS = NO;
				CLANG_ANALYZER_NONNULL = YES;
				CLANG_ANALYZER_NUMBER_OBJECT_CONVERSION = YES_AGGRESSIVE;
				CLANG_CXX_LANGUAGE_STANDARD = "gnu++0x";
				CLANG_CXX_LIBRARY = "libc++";
				CLANG_ENABLE_MODULES = YES;
				CLANG_ENABLE_OBJC_ARC = YES;
				CLANG_WARN_BOOL_CONVERSION = YES;
				CLANG_WARN_CONSTANT_CONVERSION = YES;
				CLANG_WARN_DIRECT_OBJC_ISA_USAGE = YES_ERROR;
				CLANG_WARN_DOCUMENTATION_COMMENTS = YES;
				CLANG_WARN_EMPTY_BODY = YES;
				CLANG_WARN_ENUM_CONVERSION = YES;
				CLANG_WARN_INFINITE_RECURSION = YES;
				CLANG_WARN_INT_CONVERSION = YES;
				CLANG_WARN_OBJC_ROOT_CLASS = YES_ERROR;
				CLANG_WARN_SUSPICIOUS_MOVE = YES;
				CLANG_WARN_UNREACHABLE_CODE = YES;
				CLANG_WARN__DUPLICATE_METHOD_MATCH = YES;
				"CODE_SIGN_IDENTITY[sdk=iphoneos*]" = "iPhone Developer";
				COPY_PHASE_STRIP = NO;
				DEBUG_INFORMATION_FORMAT = "dwarf-with-dsym";
				ENABLE_NS_ASSERTIONS = NO;
				ENABLE_STRICT_OBJC_MSGSEND = YES;
				GCC_C_LANGUAGE_STANDARD = gnu99;
				GCC_NO_COMMON_BLOCKS = YES;
				GCC_WARN_64_TO_32_BIT_CONVERSION = YES;
				GCC_WARN_ABOUT_RETURN_TYPE = YES_ERROR;
				GCC_WARN_UNDECLARED_SELECTOR = YES;
				GCC_WARN_UNINITIALIZED_AUTOS = YES_AGGRESSIVE;
				GCC_WARN_UNUSED_FUNCTION = YES;
				GCC_WARN_UNUSED_VARIABLE = YES;
				IPHONEOS_DEPLOYMENT_TARGET = 10.3;
				MTL_ENABLE_DEBUG_INFO = NO;
				SDKROOT = iphoneos;
				SWIFT_OPTIMIZATION_LEVEL = "-Owholemodule";
				VALIDATE_PRODUCT = YES;
			};
			name = Release;
		};
		6BA336281F5424CA00910C74 /* Debug */ = {
			isa = XCBuildConfiguration;
			buildSettings = {
				ASSETCATALOG_COMPILER_APPICON_NAME = AppIcon;
				DEVELOPMENT_TEAM = 8KDJ9PT669;
				INFOPLIST_FILE = WatchUI/Info.plist;
				LD_RUNPATH_SEARCH_PATHS = "$(inherited) @executable_path/Frameworks";
				PRODUCT_BUNDLE_IDENTIFIER = huy.dang.quoc.WatchUI;
				PRODUCT_NAME = "$(TARGET_NAME)";
				SWIFT_VERSION = 3.0;
			};
			name = Debug;
		};
		6BA336291F5424CA00910C74 /* Release */ = {
			isa = XCBuildConfiguration;
			buildSettings = {
				ASSETCATALOG_COMPILER_APPICON_NAME = AppIcon;
				DEVELOPMENT_TEAM = 8KDJ9PT669;
				INFOPLIST_FILE = WatchUI/Info.plist;
				LD_RUNPATH_SEARCH_PATHS = "$(inherited) @executable_path/Frameworks";
				PRODUCT_BUNDLE_IDENTIFIER = huy.dang.quoc.WatchUI;
				PRODUCT_NAME = "$(TARGET_NAME)";
				SWIFT_VERSION = 3.0;
			};
			name = Release;
		};
/* End XCBuildConfiguration section */

/* Begin XCConfigurationList section */
		6BA336101F5424C900910C74 /* Build configuration list for PBXProject "WatchUI" */ = {
			isa = XCConfigurationList;
			buildConfigurations = (
				6BA336251F5424CA00910C74 /* Debug */,
				6BA336261F5424CA00910C74 /* Release */,
			);
			defaultConfigurationIsVisible = 0;
			defaultConfigurationName = Release;
		};
		6BA336271F5424CA00910C74 /* Build configuration list for PBXNativeTarget "WatchUI" */ = {
			isa = XCConfigurationList;
			buildConfigurations = (
				6BA336281F5424CA00910C74 /* Debug */,
				6BA336291F5424CA00910C74 /* Release */,
			);
			defaultConfigurationIsVisible = 0;
		};
/* End XCConfigurationList section */
	};
	rootObject = 6BA3360D1F5424C900910C74 /* Project object */;
}
